<?xml version="1.0" encoding="utf-8"?>
<Project ToolsVersion="4.0" xmlns="http://schemas.microsoft.com/developer/msbuild/2003">
  <ItemGroup>
    <Filter Include="源文件">
      <UniqueIdentifier>{4FC737F1-C7A5-4376-A066-2A32D752A2FF}</UniqueIdentifier>
      <Extensions>cpp;c;cc;cxx;def;odl;idl;hpj;bat;asm;asmx</Extensions>
    </Filter>
    <Filter Include="头文件">
      <UniqueIdentifier>{93995380-89BD-4b04-88EB-625FBE52EBFB}</UniqueIdentifier>
      <Extensions>h;hpp;hxx;hm;inl;inc;xsd</Extensions>
    </Filter>
    <Filter Include="资源文件">
      <UniqueIdentifier>{67DA6AB6-F800-4c08-8B7A-83BB121AAD01}</UniqueIdentifier>
      <Extensions>rc;ico;cur;bmp;dlg;rc2;rct;bin;rgs;gif;jpg;jpeg;jpe;resx;tiff;tif;png;wav</Extensions>
    </Filter>
    <Filter Include="头文件\Utils">
      <UniqueIdentifier>{1773ca39-e6e6-4659-96f4-0d3034916a21}</UniqueIdentifier>
    </Filter>
    <Filter Include="源文件\Utils">
      <UniqueIdentifier>{a88df2d4-f444-4bfa-aef9-202f53e4091c}</UniqueIdentifier>
    </Filter>
    <Filter Include="头文件\Controls">
      <UniqueIdentifier>{cc139765-dfc9-4c89-b15a-989e8a20c385}</UniqueIdentifier>
    </Filter>
    <Filter Include="源文件\Controls">
      <UniqueIdentifier>{de92483e-4e87-4fb5-ace6-96753693c332}</UniqueIdentifier>
    </Filter>
  </ItemGroup>
  <ItemGroup>
    <ClCompile Include="FrameWnd.cpp">
      <Filter>源文件</Filter>
    </ClCompile>
    <ClCompile Include="main.cpp">
      <Filter>源文件</Filter>
    </ClCompile>
    <ClCompile Include="Utils\WndShadow.cpp">
      <Filter>源文件\Utils</Filter>
    </ClCompile>
    <ClCompile Include="MessageDialog.cpp">
      <Filter>源文件</Filter>
    </ClCompile>
    <ClCompile Include="Controls\UIMusicList.cpp">
      <Filter>源文件\Controls</Filter>
    </ClCompile>
  </ItemGroup>
  <ItemGroup>
    <ClInclude Include="duilib.h">
      <Filter>头文件</Filter>
    </ClInclude>
    <ClInclude Include="FrameWnd.h">
      <Filter>头文件</Filter>
    </ClInclude>
    <ClInclude Include="resource.h">
      <Filter>头文件</Filter>
    </ClInclude>
    <ClInclude Include="Utils\WndShadow.h">
      <Filter>头文件\Utils</Filter>
    </ClInclude>
    <ClInclude Include="MessageDialog.h">
      <Filter>头文件</Filter>
    </ClInclude>
    <ClInclude Include="Controls\UIMusicList.h">
      <Filter>头文件\Controls</Filter>
    </ClInclude>
    <ClInclude Include="ControlNames.h">
      <Filter>头文件</Filter>
    </ClInclude>
    <ClInclude Include="Controls\CreateControlEx.h">
      <Filter>头文件\Controls</Filter>
    </ClInclude>
    <ClInclude Include="Controls\CustomWebEventHandler.h">
      <Filter>头文件\Controls</Filter>
    </ClInclude>
  </ItemGroup>
  <ItemGroup>
    <None Include="duilib.ico">
      <Filter>资源文件</Filter>
    </None>
  </ItemGroup>
  <ItemGroup>
    <ResourceCompile Include="Duilib.rc">
      <Filter>资源文件</Filter>
    </ResourceCompile>
  </ItemGroup>
</Project>