<?xml version="1.0" encoding="utf-8"?>
<Project ToolsVersion="4.0" xmlns="http://schemas.microsoft.com/developer/msbuild/2003">
  <ItemGroup>
    <Filter Include="源文件">
      <UniqueIdentifier>{4FC737F1-C7A5-4376-A066-2A32D752A2FF}</UniqueIdentifier>
      <Extensions>cpp;c;cc;cxx;def;odl;idl;hpj;bat;asm;asmx</Extensions>
    </Filter>
    <Filter Include="头文件">
      <UniqueIdentifier>{93995380-89BD-4b04-88EB-625FBE52EBFB}</UniqueIdentifier>
      <Extensions>h;hpp;hxx;hm;inl;inc;xsd</Extensions>
    </Filter>
    <Filter Include="资源文件">
      <UniqueIdentifier>{67DA6AB6-F800-4c08-8B7A-83BB121AAD01}</UniqueIdentifier>
      <Extensions>rc;ico;cur;bmp;dlg;rc2;rct;bin;rgs;gif;jpg;jpeg;jpe;resx;tiff;tif;png;wav;mfcribbon-ms</Extensions>
    </Filter>
    <Filter Include="头文件\Control">
      <UniqueIdentifier>{cefbb01d-7841-44f8-9f95-3a787dba6a8a}</UniqueIdentifier>
    </Filter>
    <Filter Include="头文件\Core">
      <UniqueIdentifier>{a461e41d-1107-4dd4-ab76-6d62b1a15016}</UniqueIdentifier>
    </Filter>
    <Filter Include="头文件\Layout">
      <UniqueIdentifier>{43028b15-8ad3-42c7-a4bd-d9442bfaac40}</UniqueIdentifier>
    </Filter>
    <Filter Include="头文件\Utils">
      <UniqueIdentifier>{0aada63a-aa28-4379-953c-53bd8f4e29cf}</UniqueIdentifier>
    </Filter>
    <Filter Include="源文件\Control">
      <UniqueIdentifier>{93ce461f-2fb3-4c01-8ee9-037d05fbfd09}</UniqueIdentifier>
    </Filter>
    <Filter Include="源文件\Core">
      <UniqueIdentifier>{d161ab8d-db86-40b0-b0e2-11dd9c486691}</UniqueIdentifier>
    </Filter>
    <Filter Include="源文件\Layout">
      <UniqueIdentifier>{ee4bff2e-2d6d-4957-a7c0-968c7d6127c0}</UniqueIdentifier>
    </Filter>
    <Filter Include="源文件\Utils">
      <UniqueIdentifier>{805fbaef-84ac-4105-b926-b689730bb2a6}</UniqueIdentifier>
    </Filter>
  </ItemGroup>
  <ItemGroup>
    <ClCompile Include="UIlib.cpp">
      <Filter>源文件</Filter>
    </ClCompile>
    <ClCompile Include="Control\UIWebBrowser.cpp">
      <Filter>源文件\Control</Filter>
    </ClCompile>
    <ClCompile Include="Control\UIActiveX.cpp">
      <Filter>源文件\Control</Filter>
    </ClCompile>
    <ClCompile Include="Control\UIButton.cpp">
      <Filter>源文件\Control</Filter>
    </ClCompile>
    <ClCompile Include="Control\UICheckBox.cpp">
      <Filter>源文件\Control</Filter>
    </ClCompile>
    <ClCompile Include="Control\UICombo.cpp">
      <Filter>源文件\Control</Filter>
    </ClCompile>
    <ClCompile Include="Control\UIComboBox.cpp">
      <Filter>源文件\Control</Filter>
    </ClCompile>
    <ClCompile Include="Control\UIEdit.cpp">
      <Filter>源文件\Control</Filter>
    </ClCompile>
    <ClCompile Include="Control\UILabel.cpp">
      <Filter>源文件\Control</Filter>
    </ClCompile>
    <ClCompile Include="Control\UIList.cpp">
      <Filter>源文件\Control</Filter>
    </ClCompile>
    <ClCompile Include="Control\UIOption.cpp">
      <Filter>源文件\Control</Filter>
    </ClCompile>
    <ClCompile Include="Control\UIProgress.cpp">
      <Filter>源文件\Control</Filter>
    </ClCompile>
    <ClCompile Include="Control\UIRichEdit.cpp">
      <Filter>源文件\Control</Filter>
    </ClCompile>
    <ClCompile Include="Control\UIScrollBar.cpp">
      <Filter>源文件\Control</Filter>
    </ClCompile>
    <ClCompile Include="Control\UISlider.cpp">
      <Filter>源文件\Control</Filter>
    </ClCompile>
    <ClCompile Include="Control\UIText.cpp">
      <Filter>源文件\Control</Filter>
    </ClCompile>
    <ClCompile Include="Core\UIBase.cpp">
      <Filter>源文件\Core</Filter>
    </ClCompile>
    <ClCompile Include="Core\UIContainer.cpp">
      <Filter>源文件\Core</Filter>
    </ClCompile>
    <ClCompile Include="Core\UIControl.cpp">
      <Filter>源文件\Core</Filter>
    </ClCompile>
    <ClCompile Include="Core\UIDlgBuilder.cpp">
      <Filter>源文件\Core</Filter>
    </ClCompile>
    <ClCompile Include="Core\UIManager.cpp">
      <Filter>源文件\Core</Filter>
    </ClCompile>
    <ClCompile Include="Core\UIMarkup.cpp">
      <Filter>源文件\Core</Filter>
    </ClCompile>
    <ClCompile Include="Core\UIRender.cpp">
      <Filter>源文件\Core</Filter>
    </ClCompile>
    <ClCompile Include="Layout\UIHorizontalLayout.cpp">
      <Filter>源文件\Layout</Filter>
    </ClCompile>
    <ClCompile Include="Layout\UITabLayout.cpp">
      <Filter>源文件\Layout</Filter>
    </ClCompile>
    <ClCompile Include="Layout\UITileLayout.cpp">
      <Filter>源文件\Layout</Filter>
    </ClCompile>
    <ClCompile Include="Layout\UIVerticalLayout.cpp">
      <Filter>源文件\Layout</Filter>
    </ClCompile>
    <ClCompile Include="Layout\UIChildLayout.cpp">
      <Filter>源文件\Layout</Filter>
    </ClCompile>
    <ClCompile Include="Utils\Utils.cpp">
      <Filter>源文件\Utils</Filter>
    </ClCompile>
    <ClCompile Include="Utils\XUnzip.cpp">
      <Filter>源文件\Utils</Filter>
    </ClCompile>
    <ClCompile Include="Utils\UIDelegate.cpp">
      <Filter>源文件\Utils</Filter>
    </ClCompile>
    <ClCompile Include="Utils\stb_image.c">
      <Filter>源文件\Utils</Filter>
    </ClCompile>
    <ClCompile Include="Utils\IWindowBase.cpp">
      <Filter>源文件\Utils</Filter>
    </ClCompile>
    <ClCompile Include="Control\UITreeView.cpp">
      <Filter>源文件\Control</Filter>
    </ClCompile>
    <ClCompile Include="Control\UIFadeButton.cpp">
      <Filter>源文件\Control</Filter>
    </ClCompile>
    <ClCompile Include="Control\UIAnimation.cpp">
      <Filter>源文件\Control</Filter>
    </ClCompile>
    <ClCompile Include="Core\UIDxAnimation.cpp">
      <Filter>源文件\Core</Filter>
    </ClCompile>
    <ClCompile Include="Control\UIGifAnim.cpp">
      <Filter>源文件\Control</Filter>
    </ClCompile>
    <ClCompile Include="Utils\WinImplBase.cpp">
      <Filter>源文件\Utils</Filter>
    </ClCompile>
    <ClCompile Include="Control\UIChartView.cpp">
      <Filter>源文件\Control</Filter>
    </ClCompile>
    <ClCompile Include="Core\UITimer.cpp">
      <Filter>源文件\Core</Filter>
    </ClCompile>
    <ClCompile Include="StdAfx.cpp">
      <Filter>源文件</Filter>
    </ClCompile>
    <ClCompile Include="Utils\DuiAutoComplete.cpp">
      <Filter>源文件\Utils</Filter>
    </ClCompile>
    <ClCompile Include="Utils\DuiTrayIcon.cpp">
      <Filter>源文件\Utils</Filter>
    </ClCompile>
    <ClCompile Include="Control\UIFlash.cpp">
      <Filter>源文件\Control</Filter>
    </ClCompile>
    <ClCompile Include="Control\UIDateTime.cpp">
      <Filter>源文件\Control</Filter>
    </ClCompile>
    <ClCompile Include="Layout\UIAnimationTabLayout.cpp">
      <Filter>源文件\Layout</Filter>
    </ClCompile>
    <ClCompile Include="Utils\UIShadow.cpp">
      <Filter>源文件\Utils</Filter>
    </ClCompile>
    <ClCompile Include="Control\UIMenu.cpp">
      <Filter>源文件\Control</Filter>
    </ClCompile>
    <ClCompile Include="Control\WkeWebkit.cpp">
      <Filter>源文件\Control</Filter>
    </ClCompile>
  </ItemGroup>
  <ItemGroup>
    <ClInclude Include="StdAfx.h">
      <Filter>头文件</Filter>
    </ClInclude>
    <ClInclude Include="UIlib.h">
      <Filter>头文件</Filter>
    </ClInclude>
    <ClInclude Include="Control\UICombo.h">
      <Filter>头文件\Control</Filter>
    </ClInclude>
    <ClInclude Include="Control\UIComboBox.h">
      <Filter>头文件\Control</Filter>
    </ClInclude>
    <ClInclude Include="Control\UIEdit.h">
      <Filter>头文件\Control</Filter>
    </ClInclude>
    <ClInclude Include="Control\UILabel.h">
      <Filter>头文件\Control</Filter>
    </ClInclude>
    <ClInclude Include="Control\UIList.h">
      <Filter>头文件\Control</Filter>
    </ClInclude>
    <ClInclude Include="Control\UIOption.h">
      <Filter>头文件\Control</Filter>
    </ClInclude>
    <ClInclude Include="Control\UIProgress.h">
      <Filter>头文件\Control</Filter>
    </ClInclude>
    <ClInclude Include="Control\UIRichEdit.h">
      <Filter>头文件\Control</Filter>
    </ClInclude>
    <ClInclude Include="Control\UIScrollBar.h">
      <Filter>头文件\Control</Filter>
    </ClInclude>
    <ClInclude Include="Control\UISlider.h">
      <Filter>头文件\Control</Filter>
    </ClInclude>
    <ClInclude Include="Control\UIText.h">
      <Filter>头文件\Control</Filter>
    </ClInclude>
    <ClInclude Include="Control\UIWebBrowser.h">
      <Filter>头文件\Control</Filter>
    </ClInclude>
    <ClInclude Include="Control\UIActiveX.h">
      <Filter>头文件\Control</Filter>
    </ClInclude>
    <ClInclude Include="Control\UIButton.h">
      <Filter>头文件\Control</Filter>
    </ClInclude>
    <ClInclude Include="Control\UICheckBox.h">
      <Filter>头文件\Control</Filter>
    </ClInclude>
    <ClInclude Include="Core\UIControl.h">
      <Filter>头文件\Core</Filter>
    </ClInclude>
    <ClInclude Include="Core\UIDlgBuilder.h">
      <Filter>头文件\Core</Filter>
    </ClInclude>
    <ClInclude Include="Core\UIManager.h">
      <Filter>头文件\Core</Filter>
    </ClInclude>
    <ClInclude Include="Core\UIMarkup.h">
      <Filter>头文件\Core</Filter>
    </ClInclude>
    <ClInclude Include="Core\UIRender.h">
      <Filter>头文件\Core</Filter>
    </ClInclude>
    <ClInclude Include="Core\UIBase.h">
      <Filter>头文件\Core</Filter>
    </ClInclude>
    <ClInclude Include="Core\UIContainer.h">
      <Filter>头文件\Core</Filter>
    </ClInclude>
    <ClInclude Include="Layout\UITileLayout.h">
      <Filter>头文件\Layout</Filter>
    </ClInclude>
    <ClInclude Include="Layout\UIVerticalLayout.h">
      <Filter>头文件\Layout</Filter>
    </ClInclude>
    <ClInclude Include="Layout\UIChildLayout.h">
      <Filter>头文件\Layout</Filter>
    </ClInclude>
    <ClInclude Include="Layout\UIHorizontalLayout.h">
      <Filter>头文件\Layout</Filter>
    </ClInclude>
    <ClInclude Include="Layout\UITabLayout.h">
      <Filter>头文件\Layout</Filter>
    </ClInclude>
    <ClInclude Include="Utils\downloadmgr.h">
      <Filter>头文件\Utils</Filter>
    </ClInclude>
    <ClInclude Include="Utils\UIDelegate.h">
      <Filter>头文件\Utils</Filter>
    </ClInclude>
    <ClInclude Include="Utils\Utils.h">
      <Filter>头文件\Utils</Filter>
    </ClInclude>
    <ClInclude Include="Utils\WebBrowserEventHandler.h">
      <Filter>头文件\Utils</Filter>
    </ClInclude>
    <ClInclude Include="Utils\IWindowBase.h">
      <Filter>头文件\Utils</Filter>
    </ClInclude>
    <ClInclude Include="Utils\WinImplBase.h">
      <Filter>头文件\Utils</Filter>
    </ClInclude>
    <ClInclude Include="Control\UITreeView.h">
      <Filter>头文件\Control</Filter>
    </ClInclude>
    <ClInclude Include="Control\UIFadeButton.h">
      <Filter>头文件\Control</Filter>
    </ClInclude>
    <ClInclude Include="Control\UIAnimation.h">
      <Filter>头文件\Control</Filter>
    </ClInclude>
    <ClInclude Include="Utils\Internal.h">
      <Filter>头文件\Utils</Filter>
    </ClInclude>
    <ClInclude Include="Core\UIDxAnimation.h">
      <Filter>头文件\Core</Filter>
    </ClInclude>
    <ClInclude Include="Control\UIGifAnim.h">
      <Filter>头文件\Control</Filter>
    </ClInclude>
    <ClInclude Include="Core\UIDefine.h">
      <Filter>头文件\Core</Filter>
    </ClInclude>
    <ClInclude Include="Control\UIChartView.h">
      <Filter>头文件\Control</Filter>
    </ClInclude>
    <ClInclude Include="Core\UITimer.h">
      <Filter>头文件\Core</Filter>
    </ClInclude>
    <ClInclude Include="Utils\DuiPointer.h">
      <Filter>头文件\Utils</Filter>
    </ClInclude>
    <ClInclude Include="Utils\DuiAutoComplete.h">
      <Filter>头文件\Utils</Filter>
    </ClInclude>
    <ClInclude Include="Utils\DuiTrayIcon.h">
      <Filter>头文件\Utils</Filter>
    </ClInclude>
    <ClInclude Include="Utils\FlashEventHandler.h">
      <Filter>头文件\Utils</Filter>
    </ClInclude>
    <ClInclude Include="Control\UIFlash.h">
      <Filter>头文件\Control</Filter>
    </ClInclude>
    <ClInclude Include="Control\UIDateTime.h">
      <Filter>头文件\Control</Filter>
    </ClInclude>
    <ClInclude Include="layout\UIAnimationTabLayout.h">
      <Filter>头文件\Layout</Filter>
    </ClInclude>
    <ClInclude Include="Utils\UIShadow.h">
      <Filter>头文件\Utils</Filter>
    </ClInclude>
    <ClInclude Include="Control\UIMenu.h">
      <Filter>头文件\Control</Filter>
    </ClInclude>
    <ClInclude Include="Control\WkeWebkit.h">
      <Filter>头文件\Control</Filter>
    </ClInclude>
  </ItemGroup>
  <ItemGroup>
    <None Include="Utils\flash11.tlh">
      <Filter>头文件\Utils</Filter>
    </None>
  </ItemGroup>
</Project>