<?xml version="1.0" encoding="utf-8"?>
<Project ToolsVersion="4.0" xmlns="http://schemas.microsoft.com/developer/msbuild/2003">
  <ItemGroup>
    <Filter Include="Source Files">
      <UniqueIdentifier>{40502e65-2ade-43bd-a720-6be6f8300c55}</UniqueIdentifier>
      <Extensions>cpp;c;cxx;rc;def;r;odl;idl;hpj;bat</Extensions>
    </Filter>
    <Filter Include="Source Files\Utils">
      <UniqueIdentifier>{1410c6b9-b3a3-43de-b666-5ad1ac77bbb2}</UniqueIdentifier>
    </Filter>
    <Filter Include="Source Files\Core">
      <UniqueIdentifier>{ee3992f1-5b38-480a-9dbd-8bc2103e7022}</UniqueIdentifier>
    </Filter>
    <Filter Include="Source Files\Layout">
      <UniqueIdentifier>{94fdf14f-7afe-4bfa-a79a-85edf374b835}</UniqueIdentifier>
    </Filter>
    <Filter Include="Source Files\Control">
      <UniqueIdentifier>{36520c61-eccb-4dbc-b973-7dcf8dcc37d1}</UniqueIdentifier>
    </Filter>
    <Filter Include="Header Files">
      <UniqueIdentifier>{47853fcf-c32f-4dfd-b527-9bd7125cfa04}</UniqueIdentifier>
      <Extensions>h;hpp;hxx;hm;inl</Extensions>
    </Filter>
    <Filter Include="Header Files\Utils">
      <UniqueIdentifier>{ebcbf35f-66a6-48ea-af4a-b400f64a5eb1}</UniqueIdentifier>
    </Filter>
    <Filter Include="Header Files\Core">
      <UniqueIdentifier>{6365641b-d11f-40f2-9195-214366ba4612}</UniqueIdentifier>
    </Filter>
    <Filter Include="Header Files\Layout">
      <UniqueIdentifier>{e16a1d02-0a08-4495-8446-fe5371c2e0c4}</UniqueIdentifier>
    </Filter>
    <Filter Include="Header Files\Control">
      <UniqueIdentifier>{f75557b3-760f-4cde-9c73-867ee19b7b39}</UniqueIdentifier>
    </Filter>
    <Filter Include="Resource Files">
      <UniqueIdentifier>{721724dd-9e4f-4103-9a35-9cfa950bc62f}</UniqueIdentifier>
      <Extensions>ico;cur;bmp;dlg;rc2;rct;bin;rgs;gif;jpg;jpeg;jpe</Extensions>
    </Filter>
  </ItemGroup>
  <ItemGroup>
    <ClCompile Include="StdAfx.cpp">
      <Filter>Source Files</Filter>
    </ClCompile>
    <ClCompile Include="UIlib.cpp">
      <Filter>Source Files</Filter>
    </ClCompile>
    <ClCompile Include="Utils\stb_image.c">
      <Filter>Source Files\Utils</Filter>
    </ClCompile>
    <ClCompile Include="Utils\ThirdParty.cpp">
      <Filter>Source Files\Utils</Filter>
    </ClCompile>
    <ClCompile Include="Utils\UIDelegate.cpp">
      <Filter>Source Files\Utils</Filter>
    </ClCompile>
    <ClCompile Include="Utils\UIShadow.cpp">
      <Filter>Source Files\Utils</Filter>
    </ClCompile>
    <ClCompile Include="Utils\Utils.cpp">
      <Filter>Source Files\Utils</Filter>
    </ClCompile>
    <ClCompile Include="Utils\WinImplBase.cpp">
      <Filter>Source Files\Utils</Filter>
    </ClCompile>
    <ClCompile Include="Utils\XUnzip.cpp">
      <Filter>Source Files\Utils</Filter>
    </ClCompile>
    <ClCompile Include="Core\UIBase.cpp">
      <Filter>Source Files\Core</Filter>
    </ClCompile>
    <ClCompile Include="Core\UIContainer.cpp">
      <Filter>Source Files\Core</Filter>
    </ClCompile>
    <ClCompile Include="Core\UIControl.cpp">
      <Filter>Source Files\Core</Filter>
    </ClCompile>
    <ClCompile Include="Core\UIDlgBuilder.cpp">
      <Filter>Source Files\Core</Filter>
    </ClCompile>
    <ClCompile Include="Core\UIImageAttribute.cpp">
      <Filter>Source Files\Core</Filter>
    </ClCompile>
    <ClCompile Include="Core\UIManager.cpp">
      <Filter>Source Files\Core</Filter>
    </ClCompile>
    <ClCompile Include="Core\UIMarkup.cpp">
      <Filter>Source Files\Core</Filter>
    </ClCompile>
    <ClCompile Include="Core\UIRender.cpp">
      <Filter>Source Files\Core</Filter>
    </ClCompile>
    <ClCompile Include="Layout\UIChildLayout.cpp">
      <Filter>Source Files\Layout</Filter>
    </ClCompile>
    <ClCompile Include="Layout\UIHorizontalLayout.cpp">
      <Filter>Source Files\Layout</Filter>
    </ClCompile>
    <ClCompile Include="Layout\UITabLayout.cpp">
      <Filter>Source Files\Layout</Filter>
    </ClCompile>
    <ClCompile Include="Layout\UITileLayout.cpp">
      <Filter>Source Files\Layout</Filter>
    </ClCompile>
    <ClCompile Include="Layout\UIVerticalLayout.cpp">
      <Filter>Source Files\Layout</Filter>
    </ClCompile>
    <ClCompile Include="Control\UIActiveX.cpp">
      <Filter>Source Files\Control</Filter>
    </ClCompile>
    <ClCompile Include="Control\UIButton.cpp">
      <Filter>Source Files\Control</Filter>
    </ClCompile>
    <ClCompile Include="Control\UICheckBox.cpp">
      <Filter>Source Files\Control</Filter>
    </ClCompile>
    <ClCompile Include="Control\UICombo.cpp">
      <Filter>Source Files\Control</Filter>
    </ClCompile>
    <ClCompile Include="Control\UIDateTime.cpp">
      <Filter>Source Files\Control</Filter>
    </ClCompile>
    <ClCompile Include="Control\UIEdit.cpp">
      <Filter>Source Files\Control</Filter>
    </ClCompile>
    <ClCompile Include="Control\UIFlash.cpp">
      <Filter>Source Files\Control</Filter>
    </ClCompile>
    <ClCompile Include="Control\UIGifAnim.cpp">
      <Filter>Source Files\Control</Filter>
    </ClCompile>
    <ClCompile Include="Control\UILabel.cpp">
      <Filter>Source Files\Control</Filter>
    </ClCompile>
    <ClCompile Include="Control\UIList.cpp">
      <Filter>Source Files\Control</Filter>
    </ClCompile>
    <ClCompile Include="Control\UIMenu.cpp">
      <Filter>Source Files\Control</Filter>
    </ClCompile>
    <ClCompile Include="Control\UIOption.cpp">
      <Filter>Source Files\Control</Filter>
    </ClCompile>
    <ClCompile Include="Control\UIProgress.cpp">
      <Filter>Source Files\Control</Filter>
    </ClCompile>
    <ClCompile Include="Control\UIRichEdit.cpp">
      <Filter>Source Files\Control</Filter>
    </ClCompile>
    <ClCompile Include="Control\UIScrollBar.cpp">
      <Filter>Source Files\Control</Filter>
    </ClCompile>
    <ClCompile Include="Control\UISlider.cpp">
      <Filter>Source Files\Control</Filter>
    </ClCompile>
    <ClCompile Include="Control\UIText.cpp">
      <Filter>Source Files\Control</Filter>
    </ClCompile>
    <ClCompile Include="Control\UITreeView.cpp">
      <Filter>Source Files\Control</Filter>
    </ClCompile>
    <ClCompile Include="Control\UIWebBrowser.cpp">
      <Filter>Source Files\Control</Filter>
    </ClCompile>
  </ItemGroup>
  <ItemGroup>
    <ClInclude Include="StdAfx.h">
      <Filter>Header Files</Filter>
    </ClInclude>
    <ClInclude Include="UIlib.h">
      <Filter>Header Files</Filter>
    </ClInclude>
    <ClInclude Include="Utils\downloadmgr.h">
      <Filter>Header Files\Utils</Filter>
    </ClInclude>
    <ClInclude Include="Utils\FlashEventHandler.h">
      <Filter>Header Files\Utils</Filter>
    </ClInclude>
    <ClInclude Include="Utils\stb_image.h">
      <Filter>Header Files\Utils</Filter>
    </ClInclude>
    <ClInclude Include="Utils\ThirdParty.h">
      <Filter>Header Files\Utils</Filter>
    </ClInclude>
    <ClInclude Include="Utils\UIDelegate.h">
      <Filter>Header Files\Utils</Filter>
    </ClInclude>
    <ClInclude Include="Utils\UIShadow.h">
      <Filter>Header Files\Utils</Filter>
    </ClInclude>
    <ClInclude Include="Utils\Utils.h">
      <Filter>Header Files\Utils</Filter>
    </ClInclude>
    <ClInclude Include="Utils\WebBrowserEventHandler.h">
      <Filter>Header Files\Utils</Filter>
    </ClInclude>
    <ClInclude Include="Utils\WinImplBase.h">
      <Filter>Header Files\Utils</Filter>
    </ClInclude>
    <ClInclude Include="Core\UIBase.h">
      <Filter>Header Files\Core</Filter>
    </ClInclude>
    <ClInclude Include="Core\UIContainer.h">
      <Filter>Header Files\Core</Filter>
    </ClInclude>
    <ClInclude Include="Core\UIControl.h">
      <Filter>Header Files\Core</Filter>
    </ClInclude>
    <ClInclude Include="Core\UIDefine.h">
      <Filter>Header Files\Core</Filter>
    </ClInclude>
    <ClInclude Include="Core\UIDlgBuilder.h">
      <Filter>Header Files\Core</Filter>
    </ClInclude>
    <ClInclude Include="Core\UIImageAttribute.h">
      <Filter>Header Files\Core</Filter>
    </ClInclude>
    <ClInclude Include="Core\UIManager.h">
      <Filter>Header Files\Core</Filter>
    </ClInclude>
    <ClInclude Include="Core\UIMarkup.h">
      <Filter>Header Files\Core</Filter>
    </ClInclude>
    <ClInclude Include="Core\UIRender.h">
      <Filter>Header Files\Core</Filter>
    </ClInclude>
    <ClInclude Include="Layout\UIChildLayout.h">
      <Filter>Header Files\Layout</Filter>
    </ClInclude>
    <ClInclude Include="Layout\UIHorizontalLayout.h">
      <Filter>Header Files\Layout</Filter>
    </ClInclude>
    <ClInclude Include="Layout\UITabLayout.h">
      <Filter>Header Files\Layout</Filter>
    </ClInclude>
    <ClInclude Include="Layout\UITileLayout.h">
      <Filter>Header Files\Layout</Filter>
    </ClInclude>
    <ClInclude Include="Layout\UIVerticalLayout.h">
      <Filter>Header Files\Layout</Filter>
    </ClInclude>
    <ClInclude Include="Control\UIActiveX.h">
      <Filter>Header Files\Control</Filter>
    </ClInclude>
    <ClInclude Include="Control\UIButton.h">
      <Filter>Header Files\Control</Filter>
    </ClInclude>
    <ClInclude Include="Control\UICheckBox.h">
      <Filter>Header Files\Control</Filter>
    </ClInclude>
    <ClInclude Include="Control\UICombo.h">
      <Filter>Header Files\Control</Filter>
    </ClInclude>
    <ClInclude Include="Control\UIDateTime.h">
      <Filter>Header Files\Control</Filter>
    </ClInclude>
    <ClInclude Include="Control\UIEdit.h">
      <Filter>Header Files\Control</Filter>
    </ClInclude>
    <ClInclude Include="Control\UIFlash.h">
      <Filter>Header Files\Control</Filter>
    </ClInclude>
    <ClInclude Include="Control\UIGifAnim.h">
      <Filter>Header Files\Control</Filter>
    </ClInclude>
    <ClInclude Include="Control\UILabel.h">
      <Filter>Header Files\Control</Filter>
    </ClInclude>
    <ClInclude Include="Control\UIList.h">
      <Filter>Header Files\Control</Filter>
    </ClInclude>
    <ClInclude Include="Control\UIMenu.h">
      <Filter>Header Files\Control</Filter>
    </ClInclude>
    <ClInclude Include="Control\UIOption.h">
      <Filter>Header Files\Control</Filter>
    </ClInclude>
    <ClInclude Include="Control\UIProgress.h">
      <Filter>Header Files\Control</Filter>
    </ClInclude>
    <ClInclude Include="Control\UIRichEdit.h">
      <Filter>Header Files\Control</Filter>
    </ClInclude>
    <ClInclude Include="Control\UIScrollBar.h">
      <Filter>Header Files\Control</Filter>
    </ClInclude>
    <ClInclude Include="Control\UISlider.h">
      <Filter>Header Files\Control</Filter>
    </ClInclude>
    <ClInclude Include="Control\UIText.h">
      <Filter>Header Files\Control</Filter>
    </ClInclude>
    <ClInclude Include="Control\UITreeView.h">
      <Filter>Header Files\Control</Filter>
    </ClInclude>
    <ClInclude Include="Control\UIWebBrowser.h">
      <Filter>Header Files\Control</Filter>
    </ClInclude>
  </ItemGroup>
</Project>